// !$*UTF8*$!
{
	archiveVersion = 1;
	classes = {
	};
	objectVersion = 51;
	objects = {

/* Begin PBXBuildFile section */
		357E326D26426A41002657E4 /* AppDelegate.swift in Sources */ = {isa = PBXBuildFile; fileRef = 357E326C26426A41002657E4 /* AppDelegate.swift */; };
		357E326F26426A41002657E4 /* SceneDelegate.swift in Sources */ = {isa = PBXBuildFile; fileRef = 357E326E26426A41002657E4 /* SceneDelegate.swift */; };
		357E327126426A41002657E4 /* ViewController.swift in Sources */ = {isa = PBXBuildFile; fileRef = 357E327026426A41002657E4 /* ViewController.swift */; };
		357E327426426A41002657E4 /* Main.storyboard in Resources */ = {isa = PBXBuildFile; fileRef = 357E327226426A41002657E4 /* Main.storyboard */; };
		357E327626426A45002657E4 /* Assets.xcassets in Resources */ = {isa = PBXBuildFile; fileRef = 357E327526426A45002657E4 /* Assets.xcassets */; };
		357E327926426A45002657E4 /* LaunchScreen.storyboard in Resources */ = {isa = PBXBuildFile; fileRef = 357E327726426A45002657E4 /* LaunchScreen.storyboard */; };
		3585B4ED2642B6D80036BE80 /* NetworkOpenWeather.swift in Sources */ = {isa = PBXBuildFile; fileRef = 3585B4EC2642B6D80036BE80 /* NetworkOpenWeather.swift */; };
		3585B4FD2642BD100036BE80 /* WeekCurrentWeather.swift in Sources */ = {isa = PBXBuildFile; fileRef = 3585B4FC2642BD100036BE80 /* WeekCurrentWeather.swift */; };
		3585B5002642BD340036BE80 /* WeekCurrentWeatherData.swift in Sources */ = {isa = PBXBuildFile; fileRef = 3585B4FF2642BD340036BE80 /* WeekCurrentWeatherData.swift */; };
		3585B5052642C7C70036BE80 /* TableViewCell.swift in Sources */ = {isa = PBXBuildFile; fileRef = 3585B5032642C7C70036BE80 /* TableViewCell.swift */; };
		3585B5062642C7C70036BE80 /* TableViewCell.xib in Resources */ = {isa = PBXBuildFile; fileRef = 3585B5042642C7C70036BE80 /* TableViewCell.xib */; };
		66FC7BB2710226476BBF015D /* Pods_Er_Telecom.framework in Frameworks */ = {isa = PBXBuildFile; fileRef = 67254737B7C25CA757049A7F /* Pods_Er_Telecom.framework */; };
/* End PBXBuildFile section */

/* Begin PBXFileReference section */
		1C56DB9626020270D3A210FD /* Pods-Er-Telecom.release.xcconfig */ = {isa = PBXFileReference; includeInIndex = 1; lastKnownFileType = text.xcconfig; name = "Pods-Er-Telecom.release.xcconfig"; path = "Target Support Files/Pods-Er-Telecom/Pods-Er-Telecom.release.xcconfig"; sourceTree = "<group>"; };
		357E326926426A41002657E4 /* Er-Telecom.app */ = {isa = PBXFileReference; explicitFileType = wrapper.application; includeInIndex = 0; path = "Er-Telecom.app"; sourceTree = BUILT_PRODUCTS_DIR; };
		357E326C26426A41002657E4 /* AppDelegate.swift */ = {isa = PBXFileReference; lastKnownFileType = sourcecode.swift; path = AppDelegate.swift; sourceTree = "<group>"; };
		357E326E26426A41002657E4 /* SceneDelegate.swift */ = {isa = PBXFileReference; lastKnownFileType = sourcecode.swift; path = SceneDelegate.swift; sourceTree = "<group>"; };
		357E327026426A41002657E4 /* ViewController.swift */ = {isa = PBXFileReference; lastKnownFileType = sourcecode.swift; path = ViewController.swift; sourceTree = "<group>"; };
		357E327326426A41002657E4 /* Base */ = {isa = PBXFileReference; lastKnownFileType = file.storyboard; name = Base; path = Base.lproj/Main.storyboard; sourceTree = "<group>"; };
		357E327526426A45002657E4 /* Assets.xcassets */ = {isa = PBXFileReference; lastKnownFileType = folder.assetcatalog; path = Assets.xcassets; sourceTree = "<group>"; };
		357E327826426A45002657E4 /* Base */ = {isa = PBXFileReference; lastKnownFileType = file.storyboard; name = Base; path = Base.lproj/LaunchScreen.storyboard; sourceTree = "<group>"; };
		357E327A26426A45002657E4 /* Info.plist */ = {isa = PBXFileReference; lastKnownFileType = text.plist.xml; path = Info.plist; sourceTree = "<group>"; };
		3585B4EC2642B6D80036BE80 /* NetworkOpenWeather.swift */ = {isa = PBXFileReference; lastKnownFileType = sourcecode.swift; path = NetworkOpenWeather.swift; sourceTree = "<group>"; };
		3585B4FC2642BD100036BE80 /* WeekCurrentWeather.swift */ = {isa = PBXFileReference; lastKnownFileType = sourcecode.swift; path = WeekCurrentWeather.swift; sourceTree = "<group>"; };
		3585B4FF2642BD340036BE80 /* WeekCurrentWeatherData.swift */ = {isa = PBXFileReference; lastKnownFileType = sourcecode.swift; path = WeekCurrentWeatherData.swift; sourceTree = "<group>"; };
		3585B5032642C7C70036BE80 /* TableViewCell.swift */ = {isa = PBXFileReference; lastKnownFileType = sourcecode.swift; path = TableViewCell.swift; sourceTree = "<group>"; };
		3585B5042642C7C70036BE80 /* TableViewCell.xib */ = {isa = PBXFileReference; lastKnownFileType = file.xib; path = TableViewCell.xib; sourceTree = "<group>"; };
		67254737B7C25CA757049A7F /* Pods_Er_Telecom.framework */ = {isa = PBXFileReference; explicitFileType = wrapper.framework; includeInIndex = 0; path = Pods_Er_Telecom.framework; sourceTree = BUILT_PRODUCTS_DIR; };
		9625B862FE9BD39302EE9A79 /* Pods-Er-Telecom.debug.xcconfig */ = {isa = PBXFileReference; includeInIndex = 1; lastKnownFileType = text.xcconfig; name = "Pods-Er-Telecom.debug.xcconfig"; path = "Target Support Files/Pods-Er-Telecom/Pods-Er-Telecom.debug.xcconfig"; sourceTree = "<group>"; };
/* End PBXFileReference section */

/* Begin PBXFrameworksBuildPhase section */
		357E326626426A41002657E4 /* Frameworks */ = {
			isa = PBXFrameworksBuildPhase;
			buildActionMask = 2147483647;
			files = (
				66FC7BB2710226476BBF015D /* Pods_Er_Telecom.framework in Frameworks */,
			);
			runOnlyForDeploymentPostprocessing = 0;
		};
/* End PBXFrameworksBuildPhase section */

/* Begin PBXGroup section */
		357E326026426A41002657E4 = {
			isa = PBXGroup;
			children = (
				357E326B26426A41002657E4 /* Er-Telecom */,
				357E326A26426A41002657E4 /* Products */,
				A4D2395F194ACE0CD18A4877 /* Pods */,
				A17252B9115C49A17D255D26 /* Frameworks */,
			);
			sourceTree = "<group>";
		};
		357E326A26426A41002657E4 /* Products */ = {
			isa = PBXGroup;
			children = (
				357E326926426A41002657E4 /* Er-Telecom.app */,
			);
			name = Products;
			sourceTree = "<group>";
		};
		357E326B26426A41002657E4 /* Er-Telecom */ = {
			isa = PBXGroup;
			children = (
				3585B4EF2642BB6B0036BE80 /* Modul */,
				357E326C26426A41002657E4 /* AppDelegate.swift */,
				357E326E26426A41002657E4 /* SceneDelegate.swift */,
				357E327026426A41002657E4 /* ViewController.swift */,
				3585B5022642C7AA0036BE80 /* Cells */,
				357E327226426A41002657E4 /* Main.storyboard */,
				357E327526426A45002657E4 /* Assets.xcassets */,
				357E327726426A45002657E4 /* LaunchScreen.storyboard */,
				357E327A26426A45002657E4 /* Info.plist */,
				357E329026427371002657E4 /* Network */,
			);
			path = "Er-Telecom";
			sourceTree = "<group>";
		};
		357E329026427371002657E4 /* Network */ = {
			isa = PBXGroup;
			children = (
				3585B4EC2642B6D80036BE80 /* NetworkOpenWeather.swift */,
			);
			path = Network;
			sourceTree = "<group>";
		};
		3585B4EF2642BB6B0036BE80 /* Modul */ = {
			isa = PBXGroup;
			children = (
				3585B4FC2642BD100036BE80 /* WeekCurrentWeather.swift */,
				3585B4FF2642BD340036BE80 /* WeekCurrentWeatherData.swift */,
			);
			path = Modul;
			sourceTree = "<group>";
		};
		3585B5022642C7AA0036BE80 /* Cells */ = {
			isa = PBXGroup;
			children = (
				3585B5032642C7C70036BE80 /* TableViewCell.swift */,
				3585B5042642C7C70036BE80 /* TableViewCell.xib */,
			);
			path = Cells;
			sourceTree = "<group>";
		};
		A17252B9115C49A17D255D26 /* Frameworks */ = {
			isa = PBXGroup;
			children = (
				67254737B7C25CA757049A7F /* Pods_Er_Telecom.framework */,
			);
			name = Frameworks;
			sourceTree = "<group>";
		};
		A4D2395F194ACE0CD18A4877 /* Pods */ = {
			isa = PBXGroup;
			children = (
				9625B862FE9BD39302EE9A79 /* Pods-Er-Telecom.debug.xcconfig */,
				1C56DB9626020270D3A210FD /* Pods-Er-Telecom.release.xcconfig */,
			);
			path = Pods;
			sourceTree = "<group>";
		};
/* End PBXGroup section */

/* Begin PBXNativeTarget section */
		357E326826426A41002657E4 /* Er-Telecom */ = {
			isa = PBXNativeTarget;
			buildConfigurationList = 357E327D26426A45002657E4 /* Build configuration list for PBXNativeTarget "Er-Telecom" */;
			buildPhases = (
				DF06BB4315845B1C0409733A /* [CP] Check Pods Manifest.lock */,
				357E326526426A41002657E4 /* Sources */,
				357E326626426A41002657E4 /* Frameworks */,
				357E326726426A41002657E4 /* Resources */,
				6832F3A8F3B0D9F270EC5DE4 /* [CP] Embed Pods Frameworks */,
			);
			buildRules = (
			);
			dependencies = (
			);
			name = "Er-Telecom";
			productName = "Er-Telecom";
			productReference = 357E326926426A41002657E4 /* Er-Telecom.app */;
			productType = "com.apple.product-type.application";
		};
/* End PBXNativeTarget section */

/* Begin PBXProject section */
		357E326126426A41002657E4 /* Project object */ = {
			isa = PBXProject;
			attributes = {
				LastSwiftUpdateCheck = 1240;
				LastUpgradeCheck = 1240;
				TargetAttributes = {
					357E326826426A41002657E4 = {
						CreatedOnToolsVersion = 12.4;
					};
				};
			};
			buildConfigurationList = 357E326426426A41002657E4 /* Build configuration list for PBXProject "Er-Telecom" */;
			compatibilityVersion = "Xcode 9.3";
			developmentRegion = en;
			hasScannedForEncodings = 0;
			knownRegions = (
				en,
				Base,
			);
			mainGroup = 357E326026426A41002657E4;
			productRefGroup = 357E326A26426A41002657E4 /* Products */;
			projectDirPath = "";
			projectRoot = "";
			targets = (
				357E326826426A41002657E4 /* Er-Telecom */,
			);
		};
/* End PBXProject section */

/* Begin PBXResourcesBuildPhase section */
		357E326726426A41002657E4 /* Resources */ = {
			isa = PBXResourcesBuildPhase;
			buildActionMask = 2147483647;
			files = (
				357E327926426A45002657E4 /* LaunchScreen.storyboard in Resources */,
				3585B5062642C7C70036BE80 /* TableViewCell.xib in Resources */,
				357E327626426A45002657E4 /* Assets.xcassets in Resources */,
				357E327426426A41002657E4 /* Main.storyboard in Resources */,
			);
			runOnlyForDeploymentPostprocessing = 0;
		};
/* End PBXResourcesBuildPhase section */

/* Begin PBXShellScriptBuildPhase section */
		6832F3A8F3B0D9F270EC5DE4 /* [CP] Embed Pods Frameworks */ = {
			isa = PBXShellScriptBuildPhase;
			buildActionMask = 2147483647;
			files = (
			);
			inputFileListPaths = (
				"${PODS_ROOT}/Target Support Files/Pods-Er-Telecom/Pods-Er-Telecom-frameworks-${CONFIGURATION}-input-files.xcfilelist",
			);
			name = "[CP] Embed Pods Frameworks";
			outputFileListPaths = (
				"${PODS_ROOT}/Target Support Files/Pods-Er-Telecom/Pods-Er-Telecom-frameworks-${CONFIGURATION}-output-files.xcfilelist",
			);
			runOnlyForDeploymentPostprocessing = 0;
			shellPath = /bin/sh;
			shellScript = "\"${PODS_ROOT}/Target Support Files/Pods-Er-Telecom/Pods-Er-Telecom-frameworks.sh\"\n";
			showEnvVarsInLog = 0;
		};
		DF06BB4315845B1C0409733A /* [CP] Check Pods Manifest.lock */ = {
			isa = PBXShellScriptBuildPhase;
			buildActionMask = 2147483647;
			files = (
			);
			inputFileListPaths = (
			);
			inputPaths = (
				"${PODS_PODFILE_DIR_PATH}/Podfile.lock",
				"${PODS_ROOT}/Manifest.lock",
			);
			name = "[CP] Check Pods Manifest.lock";
			outputFileListPaths = (
			);
			outputPaths = (
				"$(DERIVED_FILE_DIR)/Pods-Er-Telecom-checkManifestLockResult.txt",
			);
			runOnlyForDeploymentPostprocessing = 0;
			shellPath = /bin/sh;
			shellScript = "diff \"${PODS_PODFILE_DIR_PATH}/Podfile.lock\" \"${PODS_ROOT}/Manifest.lock\" > /dev/null\nif [ $? != 0 ] ; then\n    # print error to STDERR\n    echo \"error: The sandbox is not in sync with the Podfile.lock. Run 'pod install' or update your CocoaPods installation.\" >&2\n    exit 1\nfi\n# This output is used by Xcode 'outputs' to avoid re-running this script phase.\necho \"SUCCESS\" > \"${SCRIPT_OUTPUT_FILE_0}\"\n";
			showEnvVarsInLog = 0;
		};
/* End PBXShellScriptBuildPhase section */

/* Begin PBXSourcesBuildPhase section */
		357E326526426A41002657E4 /* Sources */ = {
			isa = PBXSourcesBuildPhase;
			buildActionMask = 2147483647;
			files = (
				3585B5002642BD340036BE80 /* WeekCurrentWeatherData.swift in Sources */,
				3585B4FD2642BD100036BE80 /* WeekCurrentWeather.swift in Sources */,
				357E327126426A41002657E4 /* ViewController.swift in Sources */,
				357E326D26426A41002657E4 /* AppDelegate.swift in Sources */,
				357E326F26426A41002657E4 /* SceneDelegate.swift in Sources */,
				3585B5052642C7C70036BE80 /* TableViewCell.swift in Sources */,
				3585B4ED2642B6D80036BE80 /* NetworkOpenWeather.swift in Sources */,
			);
			runOnlyForDeploymentPostprocessing = 0;
		};
/* End PBXSourcesBuildPhase section */

/* Begin PBXVariantGroup section */
		357E327226426A41002657E4 /* Main.storyboard */ = {
			isa = PBXVariantGroup;
			children = (
				357E327326426A41002657E4 /* Base */,
			);
			name = Main.storyboard;
			sourceTree = "<group>";
		};
		357E327726426A45002657E4 /* LaunchScreen.storyboard */ = {
			isa = PBXVariantGroup;
			children = (
				357E327826426A45002657E4 /* Base */,
			);
			name = LaunchScreen.storyboard;
			sourceTree = "<group>";
		};
/* End PBXVariantGroup section */

/* Begin XCBuildConfiguration section */
		357E327B26426A45002657E4 /* Debug */ = {
			isa = XCBuildConfiguration;
			buildSettings = {
				ALWAYS_SEARCH_USER_PATHS = NO;
				CLANG_ANALYZER_NONNULL = YES;
				CLANG_ANALYZER_NUMBER_OBJECT_CONVERSION = YES_AGGRESSIVE;
				CLANG_CXX_LANGUAGE_STANDARD = "gnu++14";
				CLANG_CXX_LIBRARY = "libc++";
				CLANG_ENABLE_MODULES = YES;
				CLANG_ENABLE_OBJC_ARC = YES;
				CLANG_ENABLE_OBJC_WEAK = YES;
				CLANG_WARN_BLOCK_CAPTURE_AUTORELEASING = YES;
				CLANG_WARN_BOOL_CONVERSION = YES;
				CLANG_WARN_COMMA = YES;
				CLANG_WARN_CONSTANT_CONVERSION = YES;
				CLANG_WARN_DEPRECATED_OBJC_IMPLEMENTATIONS = YES;
				CLANG_WARN_DIRECT_OBJC_ISA_USAGE = YES_ERROR;
				CLANG_WARN_DOCUMENTATION_COMMENTS = YES;
				CLANG_WARN_EMPTY_BODY = YES;
				CLANG_WARN_ENUM_CONVERSION = YES;
				CLANG_WARN_INFINITE_RECURSION = YES;
				CLANG_WARN_INT_CONVERSION = YES;
				CLANG_WARN_NON_LITERAL_NULL_CONVERSION = YES;
				CLANG_WARN_OBJC_IMPLICIT_RETAIN_SELF = YES;
				CLANG_WARN_OBJC_LITERAL_CONVERSION = YES;
				CLANG_WARN_OBJC_ROOT_CLASS = YES_ERROR;
				CLANG_WARN_QUOTED_INCLUDE_IN_FRAMEWORK_HEADER = YES;
				CLANG_WARN_RANGE_LOOP_ANALYSIS = YES;
				CLANG_WARN_STRICT_PROTOTYPES = YES;
				CLANG_WARN_SUSPICIOUS_MOVE = YES;
				CLANG_WARN_UNGUARDED_AVAILABILITY = YES_AGGRESSIVE;
				CLANG_WARN_UNREACHABLE_CODE = YES;
				CLANG_WARN__DUPLICATE_METHOD_MATCH = YES;
				COPY_PHASE_STRIP = NO;
				DEBUG_INFORMATION_FORMAT = dwarf;
				ENABLE_STRICT_OBJC_MSGSEND = YES;
				ENABLE_TESTABILITY = YES;
				GCC_C_LANGUAGE_STANDARD = gnu11;
				GCC_DYNAMIC_NO_PIC = NO;
				GCC_NO_COMMON_BLOCKS = YES;
				GCC_OPTIMIZATION_LEVEL = 0;
				GCC_PREPROCESSOR_DEFINITIONS = (
					"DEBUG=1",
					"$(inherited)",
				);
				GCC_WARN_64_TO_32_BIT_CONVERSION = YES;
				GCC_WARN_ABOUT_RETURN_TYPE = YES_ERROR;
				GCC_WARN_UNDECLARED_SELECTOR = YES;
				GCC_WARN_UNINITIALIZED_AUTOS = YES_AGGRESSIVE;
				GCC_WARN_UNUSED_FUNCTION = YES;
				GCC_WARN_UNUSED_VARIABLE = YES;
				IPHONEOS_DEPLOYMENT_TARGET = 14.4;
				MTL_ENABLE_DEBUG_INFO = INCLUDE_SOURCE;
				MTL_FAST_MATH = YES;
				ONLY_ACTIVE_ARCH = YES;
				SDKROOT = iphoneos;
				SWIFT_ACTIVE_COMPILATION_CONDITIONS = DEBUG;
				SWIFT_OPTIMIZATION_LEVEL = "-Onone";
			};
			name = Debug;
		};
		357E327C26426A45002657E4 /* Release */ = {
			isa = XCBuildConfiguration;
			buildSettings = {
				ALWAYS_SEARCH_USER_PATHS = NO;
				CLANG_ANALYZER_NONNULL = YES;
				CLANG_ANALYZER_NUMBER_OBJECT_CONVERSION = YES_AGGRESSIVE;
				CLANG_CXX_LANGUAGE_STANDARD = "gnu++14";
				CLANG_CXX_LIBRARY = "libc++";
				CLANG_ENABLE_MODULES = YES;
				CLANG_ENABLE_OBJC_ARC = YES;
				CLANG_ENABLE_OBJC_WEAK = YES;
				CLANG_WARN_BLOCK_CAPTURE_AUTORELEASING = YES;
				CLANG_WARN_BOOL_CONVERSION = YES;
				CLANG_WARN_COMMA = YES;
				CLANG_WARN_CONSTANT_CONVERSION = YES;
				CLANG_WARN_DEPRECATED_OBJC_IMPLEMENTATIONS = YES;
				CLANG_WARN_DIRECT_OBJC_ISA_USAGE = YES_ERROR;
				CLANG_WARN_DOCUMENTATION_COMMENTS = YES;
				CLANG_WARN_EMPTY_BODY = YES;
				CLANG_WARN_ENUM_CONVERSION = YES;
				CLANG_WARN_INFINITE_RECURSION = YES;
				CLANG_WARN_INT_CONVERSION = YES;
				CLANG_WARN_NON_LITERAL_NULL_CONVERSION = YES;
				CLANG_WARN_OBJC_IMPLICIT_RETAIN_SELF = YES;
				CLANG_WARN_OBJC_LITERAL_CONVERSION = YES;
				CLANG_WARN_OBJC_ROOT_CLASS = YES_ERROR;
				CLANG_WARN_QUOTED_INCLUDE_IN_FRAMEWORK_HEADER = YES;
				CLANG_WARN_RANGE_LOOP_ANALYSIS = YES;
				CLANG_WARN_STRICT_PROTOTYPES = YES;
				CLANG_WARN_SUSPICIOUS_MOVE = YES;
				CLANG_WARN_UNGUARDED_AVAILABILITY = YES_AGGRESSIVE;
				CLANG_WARN_UNREACHABLE_CODE = YES;
				CLANG_WARN__DUPLICATE_METHOD_MATCH = YES;
				COPY_PHASE_STRIP = NO;
				DEBUG_INFORMATION_FORMAT = "dwarf-with-dsym";
				ENABLE_NS_ASSERTIONS = NO;
				ENABLE_STRICT_OBJC_MSGSEND = YES;
				GCC_C_LANGUAGE_STANDARD = gnu11;
				GCC_NO_COMMON_BLOCKS = YES;
				GCC_WARN_64_TO_32_BIT_CONVERSION = YES;
				GCC_WARN_ABOUT_RETURN_TYPE = YES_ERROR;
				GCC_WARN_UNDECLARED_SELECTOR = YES;
				GCC_WARN_UNINITIALIZED_AUTOS = YES_AGGRESSIVE;
				GCC_WARN_UNUSED_FUNCTION = YES;
				GCC_WARN_UNUSED_VARIABLE = YES;
				IPHONEOS_DEPLOYMENT_TARGET = 14.4;
				MTL_ENABLE_DEBUG_INFO = NO;
				MTL_FAST_MATH = YES;
				SDKROOT = iphoneos;
				SWIFT_COMPILATION_MODE = wholemodule;
				SWIFT_OPTIMIZATION_LEVEL = "-O";
				VALIDATE_PRODUCT = YES;
			};
			name = Release;
		};
		357E327E26426A45002657E4 /* Debug */ = {
			isa = XCBuildConfiguration;
			baseConfigurationReference = 9625B862FE9BD39302EE9A79 /* Pods-Er-Telecom.debug.xcconfig */;
			buildSettings = {
				ASSETCATALOG_COMPILER_APPICON_NAME = AppIcon;
				ASSETCATALOG_COMPILER_GLOBAL_ACCENT_COLOR_NAME = AccentColor;
				CODE_SIGN_STYLE = Automatic;
				DEVELOPMENT_TEAM = KBWZGWH625;
				INFOPLIST_FILE = "Er-Telecom/Info.plist";
				LD_RUNPATH_SEARCH_PATHS = (
					"$(inherited)",
					"@executable_path/Frameworks",
				);
				PRODUCT_BUNDLE_IDENTIFIER = "com.app.Er-Telecom";
				PRODUCT_NAME = "$(TARGET_NAME)";
				SWIFT_VERSION = 5.0;
				TARGETED_DEVICE_FAMILY = "1,2";
			};
			name = Debug;
		};
		357E327F26426A45002657E4 /* Release */ = {
			isa = XCBuildConfiguration;
			baseConfigurationReference = 1C56DB9626020270D3A210FD /* Pods-Er-Telecom.release.xcconfig */;
			buildSettings = {
				ASSETCATALOG_COMPILER_APPICON_NAME = AppIcon;
				ASSETCATALOG_COMPILER_GLOBAL_ACCENT_COLOR_NAME = AccentColor;
				CODE_SIGN_STYLE = Automatic;
				DEVELOPMENT_TEAM = KBWZGWH625;
				INFOPLIST_FILE = "Er-Telecom/Info.plist";
				LD_RUNPATH_SEARCH_PATHS = (
					"$(inherited)",
					"@executable_path/Frameworks",
				);
				PRODUCT_BUNDLE_IDENTIFIER = "com.app.Er-Telecom";
				PRODUCT_NAME = "$(TARGET_NAME)";
				SWIFT_VERSION = 5.0;
				TARGETED_DEVICE_FAMILY = "1,2";
			};
			name = Release;
		};
/* End XCBuildConfiguration section */

/* Begin XCConfigurationList section */
		357E326426426A41002657E4 /* Build configuration list for PBXProject "Er-Telecom" */ = {
			isa = XCConfigurationList;
			buildConfigurations = (
				357E327B26426A45002657E4 /* Debug */,
				357E327C26426A45002657E4 /* Release */,
			);
			defaultConfigurationIsVisible = 0;
			defaultConfigurationName = Release;
		};
		357E327D26426A45002657E4 /* Build configuration list for PBXNativeTarget "Er-Telecom" */ = {
			isa = XCConfigurationList;
			buildConfigurations = (
				357E327E26426A45002657E4 /* Debug */,
				357E327F26426A45002657E4 /* Release */,
			);
			defaultConfigurationIsVisible = 0;
			defaultConfigurationName = Release;
		};
/* End XCConfigurationList section */
	};
	rootObject = 357E326126426A41002657E4 /* Project object */;
}
